
Microsoft Visual Studio Solution File, Format Version 12.00
# Visual Studio Version 17
VisualStudioVersion = 17.14.36301.6 d17.14
MinimumVisualStudioVersion = 10.0.40219.1
Project("{FAE04EC0-301F-11D3-BF4B-00C04F79EFBC}") = "SearchAdsLocation", "SearchAdsLocation\SearchAdsLocation.csproj", "{9140C9A0-91DB-4781-A6E3-0902A42708BF}"
EndProject
Global
	GlobalSection(SolutionConfigurationPlatforms) = preSolution
		Debug|Any CPU = Debug|Any CPU
		Release|Any CPU = Release|Any CPU
	EndGlobalSection
	GlobalSection(ProjectConfigurationPlatforms) = postSolution
		{9140C9A0-91DB-4781-A6E3-0902A42708BF}.Debug|Any CPU.ActiveCfg = Debug|Any CPU
		{9140C9A0-91DB-4781-A6E3-0902A42708BF}.Debug|Any CPU.Build.0 = Debug|Any CPU
		{9140C9A0-91DB-4781-A6E3-0902A42708BF}.Release|Any CPU.ActiveCfg = Release|Any CPU
		{9140C9A0-91DB-4781-A6E3-0902A42708BF}.Release|Any CPU.Build.0 = Release|Any CPU
	EndGlobalSection
	GlobalSection(SolutionProperties) = preSolution
		HideSolutionNode = FALSE
	EndGlobalSection
	GlobalSection(ExtensibilityGlobals) = postSolution
		SolutionGuid = {46B2728A-2A99-44A9-915D-E69330C1C97D}
	EndGlobalSection
EndGlobal
